
Microsoft Visual Studio Solution File, Format Version 12.00
# Visual Studio Version 17
VisualStudioVersion = 17.9.34723.18
MinimumVisualStudioVersion = 10.0.40219.1
Project("{FAE04EC0-301F-11D3-BF4B-00C04F79EFBC}") = "JogoGatinhoEmFuga", "JogoGatinhoEmFuga\JogoGatinhoEmFuga.csproj", "{6983EBCE-2B15-44D5-95EC-E9C490349F2E}"
EndProject
Global
	GlobalSection(SolutionConfigurationPlatforms) = preSolution
		Debug|Any CPU = Debug|Any CPU
		Release|Any CPU = Release|Any CPU
	EndGlobalSection
	GlobalSection(ProjectConfigurationPlatforms) = postSolution
		{6983EBCE-2B15-44D5-95EC-E9C490349F2E}.Debug|Any CPU.ActiveCfg = Debug|Any CPU
		{6983EBCE-2B15-44D5-95EC-E9C490349F2E}.Debug|Any CPU.Build.0 = Debug|Any CPU
		{6983EBCE-2B15-44D5-95EC-E9C490349F2E}.Release|Any CPU.ActiveCfg = Release|Any CPU
		{6983EBCE-2B15-44D5-95EC-E9C490349F2E}.Release|Any CPU.Build.0 = Release|Any CPU
	EndGlobalSection
	GlobalSection(SolutionProperties) = preSolution
		HideSolutionNode = FALSE
	EndGlobalSection
	GlobalSection(ExtensibilityGlobals) = postSolution
		SolutionGuid = {A9D49F9F-2266-4DE9-8C66-EC5F5DCAD86A}
	EndGlobalSection
EndGlobal
