
Microsoft Visual Studio Solution File, Format Version 12.00
# Visual Studio Version 17
VisualStudioVersion = 17.5.002.0
MinimumVisualStudioVersion = 10.0.40219.1
Project("{9A19103F-16F7-4668-BE54-9A1E7A4F7556}") = "JogoGatinhoEmFuga", "JogoGatinhoEmFuga.csproj", "{35B85153-C60B-43F4-A9F7-F07D0800BDCF}"
EndProject
Global
	GlobalSection(SolutionConfigurationPlatforms) = preSolution
		Debug|Any CPU = Debug|Any CPU
		Release|Any CPU = Release|Any CPU
	EndGlobalSection
	GlobalSection(ProjectConfigurationPlatforms) = postSolution
		{35B85153-C60B-43F4-A9F7-F07D0800BDCF}.Debug|Any CPU.ActiveCfg = Debug|Any CPU
		{35B85153-C60B-43F4-A9F7-F07D0800BDCF}.Debug|Any CPU.Build.0 = Debug|Any CPU
		{35B85153-C60B-43F4-A9F7-F07D0800BDCF}.Release|Any CPU.ActiveCfg = Release|Any CPU
		{35B85153-C60B-43F4-A9F7-F07D0800BDCF}.Release|Any CPU.Build.0 = Release|Any CPU
	EndGlobalSection
	GlobalSection(SolutionProperties) = preSolution
		HideSolutionNode = FALSE
	EndGlobalSection
	GlobalSection(ExtensibilityGlobals) = postSolution
		SolutionGuid = {FABF490F-1383-49CF-A251-9EA1E231EFAB}
	EndGlobalSection
EndGlobal
