
Microsoft Visual Studio Solution File, Format Version 12.00
# Visual Studio Version 17
VisualStudioVersion = 17.9.34723.18
MinimumVisualStudioVersion = 10.0.40219.1
Project("{FAE04EC0-301F-11D3-BF4B-00C04F79EFBC}") = "SuperCat_Menu", "SuperCat_Menu\SuperCat_Menu.csproj", "{206C7B38-C201-4D6E-B5F4-8ACAD20A971C}"
EndProject
Global
	GlobalSection(SolutionConfigurationPlatforms) = preSolution
		Debug|Any CPU = Debug|Any CPU
		Release|Any CPU = Release|Any CPU
	EndGlobalSection
	GlobalSection(ProjectConfigurationPlatforms) = postSolution
		{206C7B38-C201-4D6E-B5F4-8ACAD20A971C}.Debug|Any CPU.ActiveCfg = Debug|Any CPU
		{206C7B38-C201-4D6E-B5F4-8ACAD20A971C}.Debug|Any CPU.Build.0 = Debug|Any CPU
		{206C7B38-C201-4D6E-B5F4-8ACAD20A971C}.Release|Any CPU.ActiveCfg = Release|Any CPU
		{206C7B38-C201-4D6E-B5F4-8ACAD20A971C}.Release|Any CPU.Build.0 = Release|Any CPU
	EndGlobalSection
	GlobalSection(SolutionProperties) = preSolution
		HideSolutionNode = FALSE
	EndGlobalSection
	GlobalSection(ExtensibilityGlobals) = postSolution
		SolutionGuid = {7DFD8738-DE9F-4574-B0C0-924B1BC49DC4}
	EndGlobalSection
EndGlobal
